// !$*UTF8*$!
{
	archiveVersion = 1;
	classes = {
	};
	objectVersion = 46;
	objects = {

/* Begin PBXBuildFile section */
		7D342DED1F3FA60D0097F20B /* AppDelegate.swift in Sources */ = {isa = PBXBuildFile; fileRef = 7D342DEC1F3FA60D0097F20B /* AppDelegate.swift */; };
		7D342DF21F3FA60D0097F20B /* Main.storyboard in Resources */ = {isa = PBXBuildFile; fileRef = 7D342DF01F3FA60D0097F20B /* Main.storyboard */; };
		7D342DF41F3FA60D0097F20B /* Assets.xcassets in Resources */ = {isa = PBXBuildFile; fileRef = 7D342DF31F3FA60D0097F20B /* Assets.xcassets */; };
		7D342DF71F3FA60D0097F20B /* LaunchScreen.storyboard in Resources */ = {isa = PBXBuildFile; fileRef = 7D342DF51F3FA60D0097F20B /* LaunchScreen.storyboard */; };
		7D342E011F3FA93B0097F20B /* MovieTableViewController.swift in Sources */ = {isa = PBXBuildFile; fileRef = 7D342E001F3FA93B0097F20B /* MovieTableViewController.swift */; };
		7D342E031F3FAFD90097F20B /* MovieTableViewCell.swift in Sources */ = {isa = PBXBuildFile; fileRef = 7D342E021F3FAFD90097F20B /* MovieTableViewCell.swift */; };
		7D3C9C031F4363FB006496D9 /* Movie.swift in Sources */ = {isa = PBXBuildFile; fileRef = 7D3C9C021F4363FB006496D9 /* Movie.swift */; };
/* End PBXBuildFile section */

/* Begin PBXFileReference section */
		7D342DE91F3FA60D0097F20B /* movietimez.app */ = {isa = PBXFileReference; explicitFileType = wrapper.application; includeInIndex = 0; path = movietimez.app; sourceTree = BUILT_PRODUCTS_DIR; };
		7D342DEC1F3FA60D0097F20B /* AppDelegate.swift */ = {isa = PBXFileReference; lastKnownFileType = sourcecode.swift; path = AppDelegate.swift; sourceTree = "<group>"; };
		7D342DF11F3FA60D0097F20B /* Base */ = {isa = PBXFileReference; lastKnownFileType = file.storyboard; name = Base; path = Base.lproj/Main.storyboard; sourceTree = "<group>"; };
		7D342DF31F3FA60D0097F20B /* Assets.xcassets */ = {isa = PBXFileReference; lastKnownFileType = folder.assetcatalog; path = Assets.xcassets; sourceTree = "<group>"; };
		7D342DF61F3FA60D0097F20B /* Base */ = {isa = PBXFileReference; lastKnownFileType = file.storyboard; name = Base; path = Base.lproj/LaunchScreen.storyboard; sourceTree = "<group>"; };
		7D342DF81F3FA60D0097F20B /* Info.plist */ = {isa = PBXFileReference; lastKnownFileType = text.plist.xml; path = Info.plist; sourceTree = "<group>"; };
		7D342E001F3FA93B0097F20B /* MovieTableViewController.swift */ = {isa = PBXFileReference; fileEncoding = 4; lastKnownFileType = sourcecode.swift; name = MovieTableViewController.swift; path = ../MovieTableViewController.swift; sourceTree = "<group>"; };
		7D342E021F3FAFD90097F20B /* MovieTableViewCell.swift */ = {isa = PBXFileReference; fileEncoding = 4; lastKnownFileType = sourcecode.swift; name = MovieTableViewCell.swift; path = ../MovieTableViewCell.swift; sourceTree = "<group>"; };
		7D3C9C021F4363FB006496D9 /* Movie.swift */ = {isa = PBXFileReference; fileEncoding = 4; lastKnownFileType = sourcecode.swift; path = Movie.swift; sourceTree = "<group>"; };
/* End PBXFileReference section */

/* Begin PBXFrameworksBuildPhase section */
		7D342DE61F3FA60D0097F20B /* Frameworks */ = {
			isa = PBXFrameworksBuildPhase;
			buildActionMask = 2147483647;
			files = (
			);
			runOnlyForDeploymentPostprocessing = 0;
		};
/* End PBXFrameworksBuildPhase section */

/* Begin PBXGroup section */
		7D342DE01F3FA60D0097F20B = {
			isa = PBXGroup;
			children = (
				7D342DEB1F3FA60D0097F20B /* movietimez */,
				7D342DEA1F3FA60D0097F20B /* Products */,
			);
			sourceTree = "<group>";
		};
		7D342DEA1F3FA60D0097F20B /* Products */ = {
			isa = PBXGroup;
			children = (
				7D342DE91F3FA60D0097F20B /* movietimez.app */,
			);
			name = Products;
			sourceTree = "<group>";
		};
		7D342DEB1F3FA60D0097F20B /* movietimez */ = {
			isa = PBXGroup;
			children = (
				7D342E001F3FA93B0097F20B /* MovieTableViewController.swift */,
				7D342E021F3FAFD90097F20B /* MovieTableViewCell.swift */,
				7D342DEC1F3FA60D0097F20B /* AppDelegate.swift */,
				7D342DF01F3FA60D0097F20B /* Main.storyboard */,
				7D3C9C021F4363FB006496D9 /* Movie.swift */,
				7D342DF31F3FA60D0097F20B /* Assets.xcassets */,
				7D342DF51F3FA60D0097F20B /* LaunchScreen.storyboard */,
				7D342DF81F3FA60D0097F20B /* Info.plist */,
			);
			path = movietimez;
			sourceTree = "<group>";
		};
/* End PBXGroup section */

/* Begin PBXNativeTarget section */
		7D342DE81F3FA60D0097F20B /* movietimez */ = {
			isa = PBXNativeTarget;
			buildConfigurationList = 7D342DFB1F3FA60D0097F20B /* Build configuration list for PBXNativeTarget "movietimez" */;
			buildPhases = (
				7D342DE51F3FA60D0097F20B /* Sources */,
				7D342DE61F3FA60D0097F20B /* Frameworks */,
				7D342DE71F3FA60D0097F20B /* Resources */,
			);
			buildRules = (
			);
			dependencies = (
			);
			name = movietimez;
			productName = movietimez;
			productReference = 7D342DE91F3FA60D0097F20B /* movietimez.app */;
			productType = "com.apple.product-type.application";
		};
/* End PBXNativeTarget section */

/* Begin PBXProject section */
		7D342DE11F3FA60D0097F20B /* Project object */ = {
			isa = PBXProject;
			attributes = {
				LastSwiftUpdateCheck = 0730;
				LastUpgradeCheck = 0730;
				ORGANIZATIONNAME = sashaheinen;
				TargetAttributes = {
					7D342DE81F3FA60D0097F20B = {
						CreatedOnToolsVersion = 7.3.1;
						LastSwiftMigration = 0820;
					};
				};
			};
			buildConfigurationList = 7D342DE41F3FA60D0097F20B /* Build configuration list for PBXProject "movietimez" */;
			compatibilityVersion = "Xcode 3.2";
			developmentRegion = English;
			hasScannedForEncodings = 0;
			knownRegions = (
				en,
				Base,
			);
			mainGroup = 7D342DE01F3FA60D0097F20B;
			productRefGroup = 7D342DEA1F3FA60D0097F20B /* Products */;
			projectDirPath = "";
			projectRoot = "";
			targets = (
				7D342DE81F3FA60D0097F20B /* movietimez */,
			);
		};
/* End PBXProject section */

/* Begin PBXResourcesBuildPhase section */
		7D342DE71F3FA60D0097F20B /* Resources */ = {
			isa = PBXResourcesBuildPhase;
			buildActionMask = 2147483647;
			files = (
				7D342DF71F3FA60D0097F20B /* LaunchScreen.storyboard in Resources */,
				7D342DF41F3FA60D0097F20B /* Assets.xcassets in Resources */,
				7D342DF21F3FA60D0097F20B /* Main.storyboard in Resources */,
			);
			runOnlyForDeploymentPostprocessing = 0;
		};
/* End PBXResourcesBuildPhase section */

/* Begin PBXSourcesBuildPhase section */
		7D342DE51F3FA60D0097F20B /* Sources */ = {
			isa = PBXSourcesBuildPhase;
			buildActionMask = 2147483647;
			files = (
				7D342DED1F3FA60D0097F20B /* AppDelegate.swift in Sources */,
				7D342E031F3FAFD90097F20B /* MovieTableViewCell.swift in Sources */,
				7D342E011F3FA93B0097F20B /* MovieTableViewController.swift in Sources */,
				7D3C9C031F4363FB006496D9 /* Movie.swift in Sources */,
			);
			runOnlyForDeploymentPostprocessing = 0;
		};
/* End PBXSourcesBuildPhase section */

/* Begin PBXVariantGroup section */
		7D342DF01F3FA60D0097F20B /* Main.storyboard */ = {
			isa = PBXVariantGroup;
			children = (
				7D342DF11F3FA60D0097F20B /* Base */,
			);
			name = Main.storyboard;
			sourceTree = "<group>";
		};
		7D342DF51F3FA60D0097F20B /* LaunchScreen.storyboard */ = {
			isa = PBXVariantGroup;
			children = (
				7D342DF61F3FA60D0097F20B /* Base */,
			);
			name = LaunchScreen.storyboard;
			sourceTree = "<group>";
		};
/* End PBXVariantGroup section */

/* Begin XCBuildConfiguration section */
		7D342DF91F3FA60D0097F20B /* Debug */ = {
			isa = XCBuildConfiguration;
			buildSettings = {
				ALWAYS_SEARCH_USER_PATHS = NO;
				CLANG_ANALYZER_NONNULL = YES;
				CLANG_CXX_LANGUAGE_STANDARD = "gnu++0x";
				CLANG_CXX_LIBRARY = "libc++";
				CLANG_ENABLE_MODULES = YES;
				CLANG_ENABLE_OBJC_ARC = YES;
				CLANG_WARN_BOOL_CONVERSION = YES;
				CLANG_WARN_CONSTANT_CONVERSION = YES;
				CLANG_WARN_DIRECT_OBJC_ISA_USAGE = YES_ERROR;
				CLANG_WARN_EMPTY_BODY = YES;
				CLANG_WARN_ENUM_CONVERSION = YES;
				CLANG_WARN_INT_CONVERSION = YES;
				CLANG_WARN_OBJC_ROOT_CLASS = YES_ERROR;
				CLANG_WARN_UNREACHABLE_CODE = YES;
				CLANG_WARN__DUPLICATE_METHOD_MATCH = YES;
				"CODE_SIGN_IDENTITY[sdk=iphoneos*]" = "iPhone Developer";
				COPY_PHASE_STRIP = NO;
				DEBUG_INFORMATION_FORMAT = dwarf;
				ENABLE_STRICT_OBJC_MSGSEND = YES;
				ENABLE_TESTABILITY = YES;
				GCC_C_LANGUAGE_STANDARD = gnu99;
				GCC_DYNAMIC_NO_PIC = NO;
				GCC_NO_COMMON_BLOCKS = YES;
				GCC_OPTIMIZATION_LEVEL = 0;
				GCC_PREPROCESSOR_DEFINITIONS = (
					"DEBUG=1",
					"$(inherited)",
				);
				GCC_WARN_64_TO_32_BIT_CONVERSION = YES;
				GCC_WARN_ABOUT_RETURN_TYPE = YES_ERROR;
				GCC_WARN_UNDECLARED_SELECTOR = YES;
				GCC_WARN_UNINITIALIZED_AUTOS = YES_AGGRESSIVE;
				GCC_WARN_UNUSED_FUNCTION = YES;
				GCC_WARN_UNUSED_VARIABLE = YES;
				IPHONEOS_DEPLOYMENT_TARGET = 10.2;
				MTL_ENABLE_DEBUG_INFO = YES;
				ONLY_ACTIVE_ARCH = YES;
				SDKROOT = iphoneos;
				SWIFT_OPTIMIZATION_LEVEL = "-Onone";
				TARGETED_DEVICE_FAMILY = 2;
			};
			name = Debug;
		};
		7D342DFA1F3FA60D0097F20B /* Release */ = {
			isa = XCBuildConfiguration;
			buildSettings = {
				ALWAYS_SEARCH_USER_PATHS = NO;
				CLANG_ANALYZER_NONNULL = YES;
				CLANG_CXX_LANGUAGE_STANDARD = "gnu++0x";
				CLANG_CXX_LIBRARY = "libc++";
				CLANG_ENABLE_MODULES = YES;
				CLANG_ENABLE_OBJC_ARC = YES;
				CLANG_WARN_BOOL_CONVERSION = YES;
				CLANG_WARN_CONSTANT_CONVERSION = YES;
				CLANG_WARN_DIRECT_OBJC_ISA_USAGE = YES_ERROR;
				CLANG_WARN_EMPTY_BODY = YES;
				CLANG_WARN_ENUM_CONVERSION = YES;
				CLANG_WARN_INT_CONVERSION = YES;
				CLANG_WARN_OBJC_ROOT_CLASS = YES_ERROR;
				CLANG_WARN_UNREACHABLE_CODE = YES;
				CLANG_WARN__DUPLICATE_METHOD_MATCH = YES;
				"CODE_SIGN_IDENTITY[sdk=iphoneos*]" = "iPhone Developer";
				COPY_PHASE_STRIP = NO;
				DEBUG_INFORMATION_FORMAT = "dwarf-with-dsym";
				ENABLE_NS_ASSERTIONS = NO;
				ENABLE_STRICT_OBJC_MSGSEND = YES;
				GCC_C_LANGUAGE_STANDARD = gnu99;
				GCC_NO_COMMON_BLOCKS = YES;
				GCC_WARN_64_TO_32_BIT_CONVERSION = YES;
				GCC_WARN_ABOUT_RETURN_TYPE = YES_ERROR;
				GCC_WARN_UNDECLARED_SELECTOR = YES;
				GCC_WARN_UNINITIALIZED_AUTOS = YES_AGGRESSIVE;
				GCC_WARN_UNUSED_FUNCTION = YES;
				GCC_WARN_UNUSED_VARIABLE = YES;
				IPHONEOS_DEPLOYMENT_TARGET = 10.2;
				MTL_ENABLE_DEBUG_INFO = NO;
				SDKROOT = iphoneos;
				TARGETED_DEVICE_FAMILY = 2;
				VALIDATE_PRODUCT = YES;
			};
			name = Release;
		};
		7D342DFC1F3FA60D0097F20B /* Debug */ = {
			isa = XCBuildConfiguration;
			buildSettings = {
				ASSETCATALOG_COMPILER_APPICON_NAME = AppIcon;
				INFOPLIST_FILE = movietimez/Info.plist;
				LD_RUNPATH_SEARCH_PATHS = "$(inherited) @executable_path/Frameworks";
				PRODUCT_BUNDLE_IDENTIFIER = sh.movietimez;
				PRODUCT_NAME = "$(TARGET_NAME)";
				SWIFT_VERSION = 3.0;
				TARGETED_DEVICE_FAMILY = "1,2";
			};
			name = Debug;
		};
		7D342DFD1F3FA60D0097F20B /* Release */ = {
			isa = XCBuildConfiguration;
			buildSettings = {
				ASSETCATALOG_COMPILER_APPICON_NAME = AppIcon;
				INFOPLIST_FILE = movietimez/Info.plist;
				LD_RUNPATH_SEARCH_PATHS = "$(inherited) @executable_path/Frameworks";
				PRODUCT_BUNDLE_IDENTIFIER = sh.movietimez;
				PRODUCT_NAME = "$(TARGET_NAME)";
				SWIFT_VERSION = 3.0;
				TARGETED_DEVICE_FAMILY = "1,2";
			};
			name = Release;
		};
/* End XCBuildConfiguration section */

/* Begin XCConfigurationList section */
		7D342DE41F3FA60D0097F20B /* Build configuration list for PBXProject "movietimez" */ = {
			isa = XCConfigurationList;
			buildConfigurations = (
				7D342DF91F3FA60D0097F20B /* Debug */,
				7D342DFA1F3FA60D0097F20B /* Release */,
			);
			defaultConfigurationIsVisible = 0;
			defaultConfigurationName = Release;
		};
		7D342DFB1F3FA60D0097F20B /* Build configuration list for PBXNativeTarget "movietimez" */ = {
			isa = XCConfigurationList;
			buildConfigurations = (
				7D342DFC1F3FA60D0097F20B /* Debug */,
				7D342DFD1F3FA60D0097F20B /* Release */,
			);
			defaultConfigurationIsVisible = 0;
			defaultConfigurationName = Release;
		};
/* End XCConfigurationList section */
	};
	rootObject = 7D342DE11F3FA60D0097F20B /* Project object */;
}
